Microsoft Visual Studio Solution File, Format Version 12.00
# Visual Studio 2012
Project("{FAE04EC0-301F-11D3-BF4B-00C04F79EFBC}") = "SpriteGenerator", "SpriteGenerator.csproj", "{33FD9EFF-AFE6-43DC-846A-25C05B1D87DD}"
EndProject
Global
	GlobalSection(SolutionConfigurationPlatforms) = preSolution
	Debug|Any CPU = Debug|Any CPU
	ExportDebug|Any CPU = ExportDebug|Any CPU
	ExportRelease|Any CPU = ExportRelease|Any CPU
	EndGlobalSection
	GlobalSection(ProjectConfigurationPlatforms) = postSolution
		{33FD9EFF-AFE6-43DC-846A-25C05B1D87DD}.Debug|Any CPU.ActiveCfg = Debug|Any CPU
		{33FD9EFF-AFE6-43DC-846A-25C05B1D87DD}.Debug|Any CPU.Build.0 = Debug|Any CPU
		{33FD9EFF-AFE6-43DC-846A-25C05B1D87DD}.ExportDebug|Any CPU.ActiveCfg = ExportDebug|Any CPU
		{33FD9EFF-AFE6-43DC-846A-25C05B1D87DD}.ExportDebug|Any CPU.Build.0 = ExportDebug|Any CPU
		{33FD9EFF-AFE6-43DC-846A-25C05B1D87DD}.ExportRelease|Any CPU.ActiveCfg = ExportRelease|Any CPU
		{33FD9EFF-AFE6-43DC-846A-25C05B1D87DD}.ExportRelease|Any CPU.Build.0 = ExportRelease|Any CPU
	EndGlobalSection
EndGlobal
